<?xml version="1.0" encoding="utf-8"?>
<Project ToolsVersion="4.0" xmlns="http://schemas.microsoft.com/developer/msbuild/2003">
  <ItemGroup>
    <Filter Include="소스 파일">
      <UniqueIdentifier>{4FC737F1-C7A5-4376-A066-2A32D752A2FF}</UniqueIdentifier>
      <Extensions>cpp;c;cc;cxx;def;odl;idl;hpj;bat;asm;asmx</Extensions>
    </Filter>
    <Filter Include="헤더 파일">
      <UniqueIdentifier>{93995380-89BD-4b04-88EB-625FBE52EBFB}</UniqueIdentifier>
      <Extensions>h;hh;hpp;hxx;hm;inl;inc;xsd</Extensions>
    </Filter>
    <Filter Include="리소스 파일">
      <UniqueIdentifier>{67DA6AB6-F800-4c08-8B7A-83BB121AAD01}</UniqueIdentifier>
      <Extensions>rc;ico;cur;bmp;dlg;rc2;rct;bin;rgs;gif;jpg;jpeg;jpe;resx;tiff;tif;png;wav;mfcribbon-ms</Extensions>
    </Filter>
    <Filter Include="소스 파일\103_CONST_MEMBER_FUNCTION">
      <UniqueIdentifier>{1ccf25c7-ad83-4ecd-8c1c-e24dde722fef}</UniqueIdentifier>
    </Filter>
    <Filter Include="소스 파일\102_THISCALL">
      <UniqueIdentifier>{dd4a4179-57f4-4213-871e-dcddc77134e5}</UniqueIdentifier>
    </Filter>
    <Filter Include="소스 파일\104_NEW">
      <UniqueIdentifier>{ef29c125-e138-4fc8-a029-03b57f9d57ed}</UniqueIdentifier>
    </Filter>
    <Filter Include="소스 파일\105_NAME_MANGLING">
      <UniqueIdentifier>{59c223f7-d68e-44d8-a843-22d00836cc78}</UniqueIdentifier>
    </Filter>
    <Filter Include="소스 파일\106_CONSTRUCTOR">
      <UniqueIdentifier>{d248e7e8-e19b-4473-9e81-31b423986e99}</UniqueIdentifier>
    </Filter>
    <Filter Include="소스 파일\108_TRIVIAL">
      <UniqueIdentifier>{ff4bc0d8-bee2-432a-9f29-744f2dccb6c7}</UniqueIdentifier>
    </Filter>
    <Filter Include="소스 파일\107_CONVERSION">
      <UniqueIdentifier>{a2cd9305-2cbb-4100-b888-3046e9fb1729}</UniqueIdentifier>
    </Filter>
    <Filter Include="소스 파일\201_CPP14">
      <UniqueIdentifier>{d403520f-a465-423c-bea2-39f2aa774ad9}</UniqueIdentifier>
    </Filter>
    <Filter Include="소스 파일\202_CPP17">
      <UniqueIdentifier>{c22a177f-4853-4ca8-9279-4924b053480d}</UniqueIdentifier>
    </Filter>
    <Filter Include="소스 파일\206_OBJECT_INIT">
      <UniqueIdentifier>{5b005404-6b64-4229-99bb-84670d6f06a2}</UniqueIdentifier>
    </Filter>
    <Filter Include="소스 파일\207_AUTO_DECLTYPE">
      <UniqueIdentifier>{2fa3f80e-ec69-4f18-beb8-288e17a39446}</UniqueIdentifier>
    </Filter>
    <Filter Include="소스 파일\301_TEMPORARY">
      <UniqueIdentifier>{382e35a6-02fb-453e-a784-4ba7fa91b503}</UniqueIdentifier>
    </Filter>
    <Filter Include="소스 파일\302_RVALUE_REFERENCE">
      <UniqueIdentifier>{cc9e00d9-20ca-4cdd-be6a-599fd1d3518e}</UniqueIdentifier>
    </Filter>
    <Filter Include="소스 파일\303_MOVE">
      <UniqueIdentifier>{9960b95a-afe0-4d01-9aee-d1c3c1d1b976}</UniqueIdentifier>
    </Filter>
    <Filter Include="소스 파일\305_VALVUE_CATEGORY">
      <UniqueIdentifier>{d70aa479-58e4-4d1a-bf2e-466f2d9e2766}</UniqueIdentifier>
    </Filter>
    <Filter Include="소스 파일\304_PERFECT_FORWARDING">
      <UniqueIdentifier>{25e66153-8f9c-481f-b628-ad292f842ca4}</UniqueIdentifier>
    </Filter>
    <Filter Include="소스 파일\401_INLINE">
      <UniqueIdentifier>{cecd73e3-3b6c-422b-bfb4-cd4be48cae4a}</UniqueIdentifier>
    </Filter>
    <Filter Include="소스 파일\402_FUNCTOR">
      <UniqueIdentifier>{445586d4-5fb1-44eb-9edd-d84e223f440d}</UniqueIdentifier>
    </Filter>
    <Filter Include="소스 파일\403_LAMBDA_EXPRESSION">
      <UniqueIdentifier>{5f71ca58-578d-44ff-921f-c80050b48558}</UniqueIdentifier>
    </Filter>
    <Filter Include="소스 파일\405_Callable">
      <UniqueIdentifier>{aad0c8b6-0953-4d05-957a-9c15372dd4d1}</UniqueIdentifier>
    </Filter>
  </ItemGroup>
  <ItemGroup>
    <ClCompile Include="..\..\102_THISCALL\this1.cpp">
      <Filter>소스 파일\102_THISCALL</Filter>
    </ClCompile>
    <ClCompile Include="..\..\102_THISCALL\this2.cpp">
      <Filter>소스 파일\102_THISCALL</Filter>
    </ClCompile>
    <ClCompile Include="..\..\102_THISCALL\this3.cpp">
      <Filter>소스 파일\102_THISCALL</Filter>
    </ClCompile>
    <ClCompile Include="..\..\102_THISCALL\this4.cpp">
      <Filter>소스 파일\102_THISCALL</Filter>
    </ClCompile>
    <ClCompile Include="..\..\102_THISCALL\this5.cpp">
      <Filter>소스 파일\102_THISCALL</Filter>
    </ClCompile>
    <ClCompile Include="..\..\102_THISCALL\this6.cpp">
      <Filter>소스 파일\102_THISCALL</Filter>
    </ClCompile>
    <ClCompile Include="..\..\102_THISCALL\this7.cpp">
      <Filter>소스 파일\102_THISCALL</Filter>
    </ClCompile>
    <ClCompile Include="..\..\102_THISCALL\this8.cpp">
      <Filter>소스 파일\102_THISCALL</Filter>
    </ClCompile>
    <ClCompile Include="..\..\102_THISCALL\this9.cpp">
      <Filter>소스 파일\102_THISCALL</Filter>
    </ClCompile>
    <ClCompile Include="..\..\102_THISCALL\this10.cpp">
      <Filter>소스 파일\102_THISCALL</Filter>
    </ClCompile>
    <ClCompile Include="..\..\102_THISCALL\this11.cpp">
      <Filter>소스 파일\102_THISCALL</Filter>
    </ClCompile>
    <ClCompile Include="..\..\102_THISCALL\this12.cpp">
      <Filter>소스 파일\102_THISCALL</Filter>
    </ClCompile>
    <ClCompile Include="..\..\102_THISCALL\this13.cpp">
      <Filter>소스 파일\102_THISCALL</Filter>
    </ClCompile>
    <ClCompile Include="..\..\103_CONST_MEMBER_FUNCTION\const1.cpp">
      <Filter>소스 파일\103_CONST_MEMBER_FUNCTION</Filter>
    </ClCompile>
    <ClCompile Include="..\..\103_CONST_MEMBER_FUNCTION\const2.cpp">
      <Filter>소스 파일\103_CONST_MEMBER_FUNCTION</Filter>
    </ClCompile>
    <ClCompile Include="..\..\103_CONST_MEMBER_FUNCTION\const3.cpp">
      <Filter>소스 파일\103_CONST_MEMBER_FUNCTION</Filter>
    </ClCompile>
    <ClCompile Include="..\..\103_CONST_MEMBER_FUNCTION\const4.cpp">
      <Filter>소스 파일\103_CONST_MEMBER_FUNCTION</Filter>
    </ClCompile>
    <ClCompile Include="..\..\103_CONST_MEMBER_FUNCTION\const5.cpp">
      <Filter>소스 파일\103_CONST_MEMBER_FUNCTION</Filter>
    </ClCompile>
    <ClCompile Include="..\..\103_CONST_MEMBER_FUNCTION\const6.cpp">
      <Filter>소스 파일\103_CONST_MEMBER_FUNCTION</Filter>
    </ClCompile>
    <ClCompile Include="..\..\103_CONST_MEMBER_FUNCTION\const7.cpp">
      <Filter>소스 파일\103_CONST_MEMBER_FUNCTION</Filter>
    </ClCompile>
    <ClCompile Include="..\..\103_CONST_MEMBER_FUNCTION\const8.cpp">
      <Filter>소스 파일\103_CONST_MEMBER_FUNCTION</Filter>
    </ClCompile>
    <ClCompile Include="..\..\103_CONST_MEMBER_FUNCTION\Point.cpp">
      <Filter>소스 파일\103_CONST_MEMBER_FUNCTION</Filter>
    </ClCompile>
    <ClCompile Include="..\..\104_NEW\new1.cpp">
      <Filter>소스 파일\104_NEW</Filter>
    </ClCompile>
    <ClCompile Include="..\..\104_NEW\new2.cpp">
      <Filter>소스 파일\104_NEW</Filter>
    </ClCompile>
    <ClCompile Include="..\..\104_NEW\new3.cpp">
      <Filter>소스 파일\104_NEW</Filter>
    </ClCompile>
    <ClCompile Include="..\..\104_NEW\new4.cpp">
      <Filter>소스 파일\104_NEW</Filter>
    </ClCompile>
    <ClCompile Include="..\..\104_NEW\new5.cpp">
      <Filter>소스 파일\104_NEW</Filter>
    </ClCompile>
    <ClCompile Include="..\..\104_NEW\new6.cpp">
      <Filter>소스 파일\104_NEW</Filter>
    </ClCompile>
    <ClCompile Include="..\..\104_NEW\new7.cpp">
      <Filter>소스 파일\104_NEW</Filter>
    </ClCompile>
    <ClCompile Include="..\..\104_NEW\new8.cpp">
      <Filter>소스 파일\104_NEW</Filter>
    </ClCompile>
    <ClCompile Include="..\..\104_NEW\new9.cpp">
      <Filter>소스 파일\104_NEW</Filter>
    </ClCompile>
    <ClCompile Include="..\..\105_NAME_MANGLING\main.cpp">
      <Filter>소스 파일\105_NAME_MANGLING</Filter>
    </ClCompile>
    <ClCompile Include="..\..\105_NAME_MANGLING\square.c">
      <Filter>소스 파일\105_NAME_MANGLING</Filter>
    </ClCompile>
    <ClCompile Include="..\..\105_NAME_MANGLING\name1.cpp">
      <Filter>소스 파일\105_NAME_MANGLING</Filter>
    </ClCompile>
    <ClCompile Include="..\..\105_NAME_MANGLING\name2.cpp">
      <Filter>소스 파일\105_NAME_MANGLING</Filter>
    </ClCompile>
    <ClCompile Include="..\..\105_NAME_MANGLING\name3.cpp">
      <Filter>소스 파일\105_NAME_MANGLING</Filter>
    </ClCompile>
    <ClCompile Include="..\..\105_NAME_MANGLING\name4.cpp">
      <Filter>소스 파일\105_NAME_MANGLING</Filter>
    </ClCompile>
    <ClCompile Include="..\..\106_CONSTRUCTOR\ctor1.cpp">
      <Filter>소스 파일\106_CONSTRUCTOR</Filter>
    </ClCompile>
    <ClCompile Include="..\..\106_CONSTRUCTOR\ctor2.cpp">
      <Filter>소스 파일\106_CONSTRUCTOR</Filter>
    </ClCompile>
    <ClCompile Include="..\..\106_CONSTRUCTOR\ctor3.cpp">
      <Filter>소스 파일\106_CONSTRUCTOR</Filter>
    </ClCompile>
    <ClCompile Include="..\..\106_CONSTRUCTOR\ctor4.cpp">
      <Filter>소스 파일\106_CONSTRUCTOR</Filter>
    </ClCompile>
    <ClCompile Include="..\..\106_CONSTRUCTOR\ctor5.cpp">
      <Filter>소스 파일\106_CONSTRUCTOR</Filter>
    </ClCompile>
    <ClCompile Include="..\..\106_CONSTRUCTOR\ctor6.cpp">
      <Filter>소스 파일\106_CONSTRUCTOR</Filter>
    </ClCompile>
    <ClCompile Include="..\..\106_CONSTRUCTOR\ctor7.cpp">
      <Filter>소스 파일\106_CONSTRUCTOR</Filter>
    </ClCompile>
    <ClCompile Include="..\..\106_CONSTRUCTOR\ctor8.cpp">
      <Filter>소스 파일\106_CONSTRUCTOR</Filter>
    </ClCompile>
    <ClCompile Include="..\..\106_CONSTRUCTOR\ctor9.cpp">
      <Filter>소스 파일\106_CONSTRUCTOR</Filter>
    </ClCompile>
    <ClCompile Include="..\..\106_CONSTRUCTOR\ctor10.cpp">
      <Filter>소스 파일\106_CONSTRUCTOR</Filter>
    </ClCompile>
    <ClCompile Include="..\..\106_CONSTRUCTOR\ctor11.cpp">
      <Filter>소스 파일\106_CONSTRUCTOR</Filter>
    </ClCompile>
    <ClCompile Include="..\..\108_TRIVIAL\trivial1.cpp">
      <Filter>소스 파일\108_TRIVIAL</Filter>
    </ClCompile>
    <ClCompile Include="..\..\108_TRIVIAL\trivial2.cpp">
      <Filter>소스 파일\108_TRIVIAL</Filter>
    </ClCompile>
    <ClCompile Include="..\..\107_CONVERSION\conv1.cpp">
      <Filter>소스 파일\107_CONVERSION</Filter>
    </ClCompile>
    <ClCompile Include="..\..\107_CONVERSION\conv2.cpp">
      <Filter>소스 파일\107_CONVERSION</Filter>
    </ClCompile>
    <ClCompile Include="..\..\107_CONVERSION\conv3.cpp">
      <Filter>소스 파일\107_CONVERSION</Filter>
    </ClCompile>
    <ClCompile Include="..\..\107_CONVERSION\conv4.cpp">
      <Filter>소스 파일\107_CONVERSION</Filter>
    </ClCompile>
    <ClCompile Include="..\..\107_CONVERSION\conv5.cpp">
      <Filter>소스 파일\107_CONVERSION</Filter>
    </ClCompile>
    <ClCompile Include="..\..\107_CONVERSION\conv6.cpp">
      <Filter>소스 파일\107_CONVERSION</Filter>
    </ClCompile>
    <ClCompile Include="..\..\107_CONVERSION\conv7.cpp">
      <Filter>소스 파일\107_CONVERSION</Filter>
    </ClCompile>
    <ClCompile Include="..\..\107_CONVERSION\conv8.cpp">
      <Filter>소스 파일\107_CONVERSION</Filter>
    </ClCompile>
    <ClCompile Include="..\..\107_CONVERSION\conv9.cpp">
      <Filter>소스 파일\107_CONVERSION</Filter>
    </ClCompile>
    <ClCompile Include="..\..\107_CONVERSION\conv10.cpp">
      <Filter>소스 파일\107_CONVERSION</Filter>
    </ClCompile>
    <ClCompile Include="..\..\107_CONVERSION\conv11.cpp">
      <Filter>소스 파일\107_CONVERSION</Filter>
    </ClCompile>
    <ClCompile Include="..\..\107_CONVERSION\conv12.cpp">
      <Filter>소스 파일\107_CONVERSION</Filter>
    </ClCompile>
    <ClCompile Include="..\..\107_CONVERSION\conv13.cpp">
      <Filter>소스 파일\107_CONVERSION</Filter>
    </ClCompile>
    <ClCompile Include="..\..\107_CONVERSION\conv14.cpp">
      <Filter>소스 파일\107_CONVERSION</Filter>
    </ClCompile>
    <ClCompile Include="..\..\107_CONVERSION\conv15.cpp">
      <Filter>소스 파일\107_CONVERSION</Filter>
    </ClCompile>
    <ClCompile Include="class1.cpp">
      <Filter>소스 파일</Filter>
    </ClCompile>
    <ClCompile Include="main.cpp">
      <Filter>소스 파일</Filter>
    </ClCompile>
    <ClCompile Include="..\..\201_CPP14\assert1.cpp">
      <Filter>소스 파일\201_CPP14</Filter>
    </ClCompile>
    <ClCompile Include="..\..\201_CPP14\assert2.cpp">
      <Filter>소스 파일\201_CPP14</Filter>
    </ClCompile>
    <ClCompile Include="..\..\201_CPP14\begin1.cpp">
      <Filter>소스 파일\201_CPP14</Filter>
    </ClCompile>
    <ClCompile Include="..\..\201_CPP14\begin2.cpp">
      <Filter>소스 파일\201_CPP14</Filter>
    </ClCompile>
    <ClCompile Include="..\..\201_CPP14\cpp11.cpp">
      <Filter>소스 파일\201_CPP14</Filter>
    </ClCompile>
    <ClCompile Include="..\..\201_CPP14\ctor1.cpp">
      <Filter>소스 파일\201_CPP14</Filter>
    </ClCompile>
    <ClCompile Include="..\..\201_CPP14\ctor2.cpp">
      <Filter>소스 파일\201_CPP14</Filter>
    </ClCompile>
    <ClCompile Include="..\..\201_CPP14\ctor3.cpp">
      <Filter>소스 파일\201_CPP14</Filter>
    </ClCompile>
    <ClCompile Include="..\..\201_CPP14\delete1.cpp">
      <Filter>소스 파일\201_CPP14</Filter>
    </ClCompile>
    <ClCompile Include="..\..\201_CPP14\delete2.cpp">
      <Filter>소스 파일\201_CPP14</Filter>
    </ClCompile>
    <ClCompile Include="..\..\201_CPP14\delete3.cpp">
      <Filter>소스 파일\201_CPP14</Filter>
    </ClCompile>
    <ClCompile Include="..\..\201_CPP14\enum1.cpp">
      <Filter>소스 파일\201_CPP14</Filter>
    </ClCompile>
    <ClCompile Include="..\..\201_CPP14\enum2.cpp">
      <Filter>소스 파일\201_CPP14</Filter>
    </ClCompile>
    <ClCompile Include="..\..\201_CPP14\for1.cpp">
      <Filter>소스 파일\201_CPP14</Filter>
    </ClCompile>
    <ClCompile Include="..\..\201_CPP14\for2.cpp">
      <Filter>소스 파일\201_CPP14</Filter>
    </ClCompile>
    <ClCompile Include="..\..\201_CPP14\literal.cpp">
      <Filter>소스 파일\201_CPP14</Filter>
    </ClCompile>
    <ClCompile Include="..\..\201_CPP14\literal1.cpp">
      <Filter>소스 파일\201_CPP14</Filter>
    </ClCompile>
    <ClCompile Include="..\..\201_CPP14\literal2.cpp">
      <Filter>소스 파일\201_CPP14</Filter>
    </ClCompile>
    <ClCompile Include="..\..\201_CPP14\literal3.cpp">
      <Filter>소스 파일\201_CPP14</Filter>
    </ClCompile>
    <ClCompile Include="..\..\201_CPP14\noexcept1.cpp">
      <Filter>소스 파일\201_CPP14</Filter>
    </ClCompile>
    <ClCompile Include="..\..\201_CPP14\noexcept2.cpp">
      <Filter>소스 파일\201_CPP14</Filter>
    </ClCompile>
    <ClCompile Include="..\..\201_CPP14\override1.cpp">
      <Filter>소스 파일\201_CPP14</Filter>
    </ClCompile>
    <ClCompile Include="..\..\201_CPP14\override2.cpp">
      <Filter>소스 파일\201_CPP14</Filter>
    </ClCompile>
    <ClCompile Include="..\..\201_CPP14\override3.cpp">
      <Filter>소스 파일\201_CPP14</Filter>
    </ClCompile>
    <ClCompile Include="..\..\201_CPP14\raw1.cpp">
      <Filter>소스 파일\201_CPP14</Filter>
    </ClCompile>
    <ClCompile Include="..\..\201_CPP14\using1.cpp">
      <Filter>소스 파일\201_CPP14</Filter>
    </ClCompile>
    <ClCompile Include="..\..\201_CPP14\using2.cpp">
      <Filter>소스 파일\201_CPP14</Filter>
    </ClCompile>
    <ClCompile Include="..\..\202_CPP17\binding.cpp">
      <Filter>소스 파일\202_CPP17</Filter>
    </ClCompile>
    <ClCompile Include="..\..\202_CPP17\binding2.cpp">
      <Filter>소스 파일\202_CPP17</Filter>
    </ClCompile>
    <ClCompile Include="..\..\202_CPP17\ifinit.cpp">
      <Filter>소스 파일\202_CPP17</Filter>
    </ClCompile>
    <ClCompile Include="..\..\202_CPP17\staticif.cpp">
      <Filter>소스 파일\202_CPP17</Filter>
    </ClCompile>
    <ClCompile Include="..\..\206_OBJECT_INIT\init1.cpp">
      <Filter>소스 파일\206_OBJECT_INIT</Filter>
    </ClCompile>
    <ClCompile Include="..\..\206_OBJECT_INIT\init2.cpp">
      <Filter>소스 파일\206_OBJECT_INIT</Filter>
    </ClCompile>
    <ClCompile Include="..\..\206_OBJECT_INIT\init3.cpp">
      <Filter>소스 파일\206_OBJECT_INIT</Filter>
    </ClCompile>
    <ClCompile Include="..\..\206_OBJECT_INIT\init4.cpp">
      <Filter>소스 파일\206_OBJECT_INIT</Filter>
    </ClCompile>
    <ClCompile Include="..\..\206_OBJECT_INIT\init5.cpp">
      <Filter>소스 파일\206_OBJECT_INIT</Filter>
    </ClCompile>
    <ClCompile Include="..\..\206_OBJECT_INIT\init8.cpp">
      <Filter>소스 파일\206_OBJECT_INIT</Filter>
    </ClCompile>
    <ClCompile Include="..\..\206_OBJECT_INIT\init9.cpp">
      <Filter>소스 파일\206_OBJECT_INIT</Filter>
    </ClCompile>
    <ClCompile Include="..\..\206_OBJECT_INIT\init10.cpp">
      <Filter>소스 파일\206_OBJECT_INIT</Filter>
    </ClCompile>
    <ClCompile Include="..\..\206_OBJECT_INIT\init11.cpp">
      <Filter>소스 파일\206_OBJECT_INIT</Filter>
    </ClCompile>
    <ClCompile Include="..\..\206_OBJECT_INIT\init12.cpp">
      <Filter>소스 파일\206_OBJECT_INIT</Filter>
    </ClCompile>
    <ClCompile Include="..\..\206_OBJECT_INIT\init13.cpp">
      <Filter>소스 파일\206_OBJECT_INIT</Filter>
    </ClCompile>
    <ClCompile Include="..\..\206_OBJECT_INIT\init14.cpp">
      <Filter>소스 파일\206_OBJECT_INIT</Filter>
    </ClCompile>
    <ClCompile Include="..\..\206_OBJECT_INIT\init15.cpp">
      <Filter>소스 파일\206_OBJECT_INIT</Filter>
    </ClCompile>
    <ClCompile Include="..\..\207_AUTO_DECLTYPE\auto1.cpp">
      <Filter>소스 파일\207_AUTO_DECLTYPE</Filter>
    </ClCompile>
    <ClCompile Include="..\..\207_AUTO_DECLTYPE\auto2.cpp">
      <Filter>소스 파일\207_AUTO_DECLTYPE</Filter>
    </ClCompile>
    <ClCompile Include="..\..\207_AUTO_DECLTYPE\auto3.cpp">
      <Filter>소스 파일\207_AUTO_DECLTYPE</Filter>
    </ClCompile>
    <ClCompile Include="..\..\207_AUTO_DECLTYPE\auto4.cpp">
      <Filter>소스 파일\207_AUTO_DECLTYPE</Filter>
    </ClCompile>
    <ClCompile Include="..\..\207_AUTO_DECLTYPE\auto5.cpp">
      <Filter>소스 파일\207_AUTO_DECLTYPE</Filter>
    </ClCompile>
    <ClCompile Include="..\..\207_AUTO_DECLTYPE\arrayName.cpp">
      <Filter>소스 파일\207_AUTO_DECLTYPE</Filter>
    </ClCompile>
    <ClCompile Include="..\..\206_OBJECT_INIT\init6.cpp">
      <Filter>소스 파일\206_OBJECT_INIT</Filter>
    </ClCompile>
    <ClCompile Include="..\..\206_OBJECT_INIT\init7.cpp">
      <Filter>소스 파일\206_OBJECT_INIT</Filter>
    </ClCompile>
    <ClCompile Include="..\..\301_TEMPORARY\temp_5.cpp">
      <Filter>소스 파일\301_TEMPORARY</Filter>
    </ClCompile>
    <ClCompile Include="..\..\301_TEMPORARY\temp1.cpp">
      <Filter>소스 파일\301_TEMPORARY</Filter>
    </ClCompile>
    <ClCompile Include="..\..\301_TEMPORARY\temp2.cpp">
      <Filter>소스 파일\301_TEMPORARY</Filter>
    </ClCompile>
    <ClCompile Include="..\..\301_TEMPORARY\temp3.cpp">
      <Filter>소스 파일\301_TEMPORARY</Filter>
    </ClCompile>
    <ClCompile Include="..\..\301_TEMPORARY\temp4.cpp">
      <Filter>소스 파일\301_TEMPORARY</Filter>
    </ClCompile>
    <ClCompile Include="..\..\301_TEMPORARY\temp5.cpp">
      <Filter>소스 파일\301_TEMPORARY</Filter>
    </ClCompile>
    <ClCompile Include="..\..\301_TEMPORARY\temp6.cpp">
      <Filter>소스 파일\301_TEMPORARY</Filter>
    </ClCompile>
    <ClCompile Include="..\..\301_TEMPORARY\temp7.cpp">
      <Filter>소스 파일\301_TEMPORARY</Filter>
    </ClCompile>
    <ClCompile Include="..\..\301_TEMPORARY\temp8.cpp">
      <Filter>소스 파일\301_TEMPORARY</Filter>
    </ClCompile>
    <ClCompile Include="..\..\301_TEMPORARY\temp9.cpp">
      <Filter>소스 파일\301_TEMPORARY</Filter>
    </ClCompile>
    <ClCompile Include="..\..\302_RVALUE_REFERENCE\ref1.cpp">
      <Filter>소스 파일\302_RVALUE_REFERENCE</Filter>
    </ClCompile>
    <ClCompile Include="..\..\302_RVALUE_REFERENCE\ref1_2.cpp">
      <Filter>소스 파일\302_RVALUE_REFERENCE</Filter>
    </ClCompile>
    <ClCompile Include="..\..\302_RVALUE_REFERENCE\ref1_3.cpp">
      <Filter>소스 파일\302_RVALUE_REFERENCE</Filter>
    </ClCompile>
    <ClCompile Include="..\..\302_RVALUE_REFERENCE\ref2.cpp">
      <Filter>소스 파일\302_RVALUE_REFERENCE</Filter>
    </ClCompile>
    <ClCompile Include="..\..\302_RVALUE_REFERENCE\ref3.cpp">
      <Filter>소스 파일\302_RVALUE_REFERENCE</Filter>
    </ClCompile>
    <ClCompile Include="..\..\302_RVALUE_REFERENCE\ref4.cpp">
      <Filter>소스 파일\302_RVALUE_REFERENCE</Filter>
    </ClCompile>
    <ClCompile Include="..\..\302_RVALUE_REFERENCE\ref5.cpp">
      <Filter>소스 파일\302_RVALUE_REFERENCE</Filter>
    </ClCompile>
    <ClCompile Include="..\..\302_RVALUE_REFERENCE\ref6.cpp">
      <Filter>소스 파일\302_RVALUE_REFERENCE</Filter>
    </ClCompile>
    <ClCompile Include="..\..\302_RVALUE_REFERENCE\ref7.cpp">
      <Filter>소스 파일\302_RVALUE_REFERENCE</Filter>
    </ClCompile>
    <ClCompile Include="..\..\302_RVALUE_REFERENCE\ref8.cpp">
      <Filter>소스 파일\302_RVALUE_REFERENCE</Filter>
    </ClCompile>
    <ClCompile Include="..\..\303_MOVE\copy.cpp">
      <Filter>소스 파일\303_MOVE</Filter>
    </ClCompile>
    <ClCompile Include="..\..\303_MOVE\move1.cpp">
      <Filter>소스 파일\303_MOVE</Filter>
    </ClCompile>
    <ClCompile Include="..\..\303_MOVE\move2.cpp">
      <Filter>소스 파일\303_MOVE</Filter>
    </ClCompile>
    <ClCompile Include="..\..\303_MOVE\move3.cpp">
      <Filter>소스 파일\303_MOVE</Filter>
    </ClCompile>
    <ClCompile Include="..\..\303_MOVE\move4.cpp">
      <Filter>소스 파일\303_MOVE</Filter>
    </ClCompile>
    <ClCompile Include="..\..\303_MOVE\move5.cpp">
      <Filter>소스 파일\303_MOVE</Filter>
    </ClCompile>
    <ClCompile Include="..\..\303_MOVE\move6.cpp">
      <Filter>소스 파일\303_MOVE</Filter>
    </ClCompile>
    <ClCompile Include="..\..\303_MOVE\move7.cpp">
      <Filter>소스 파일\303_MOVE</Filter>
    </ClCompile>
    <ClCompile Include="..\..\303_MOVE\move8.cpp">
      <Filter>소스 파일\303_MOVE</Filter>
    </ClCompile>
    <ClCompile Include="..\..\303_MOVE\move9.cpp">
      <Filter>소스 파일\303_MOVE</Filter>
    </ClCompile>
    <ClCompile Include="..\..\303_MOVE\move10.cpp">
      <Filter>소스 파일\303_MOVE</Filter>
    </ClCompile>
    <ClCompile Include="..\..\303_MOVE\move11.cpp">
      <Filter>소스 파일\303_MOVE</Filter>
    </ClCompile>
    <ClCompile Include="..\..\303_MOVE\move12.cpp">
      <Filter>소스 파일\303_MOVE</Filter>
    </ClCompile>
    <ClCompile Include="..\..\303_MOVE\move13.cpp">
      <Filter>소스 파일\303_MOVE</Filter>
    </ClCompile>
    <ClCompile Include="..\..\303_MOVE\move14.cpp">
      <Filter>소스 파일\303_MOVE</Filter>
    </ClCompile>
    <ClCompile Include="..\..\305_VALVUE_CATEGORY\valueCategories.cpp">
      <Filter>소스 파일\305_VALVUE_CATEGORY</Filter>
    </ClCompile>
    <ClCompile Include="..\..\305_VALVUE_CATEGORY\valueCategories2.cpp">
      <Filter>소스 파일\305_VALVUE_CATEGORY</Filter>
    </ClCompile>
    <ClCompile Include="..\..\305_VALVUE_CATEGORY\valueCategories3.cpp">
      <Filter>소스 파일\305_VALVUE_CATEGORY</Filter>
    </ClCompile>
    <ClCompile Include="..\..\304_PERFECT_FORWARDING\forwarding1.cpp">
      <Filter>소스 파일\304_PERFECT_FORWARDING</Filter>
    </ClCompile>
    <ClCompile Include="..\..\304_PERFECT_FORWARDING\forwarding2.cpp">
      <Filter>소스 파일\304_PERFECT_FORWARDING</Filter>
    </ClCompile>
    <ClCompile Include="..\..\304_PERFECT_FORWARDING\forwarding3.cpp">
      <Filter>소스 파일\304_PERFECT_FORWARDING</Filter>
    </ClCompile>
    <ClCompile Include="..\..\304_PERFECT_FORWARDING\forwarding4.cpp">
      <Filter>소스 파일\304_PERFECT_FORWARDING</Filter>
    </ClCompile>
    <ClCompile Include="..\..\304_PERFECT_FORWARDING\forwarding5.cpp">
      <Filter>소스 파일\304_PERFECT_FORWARDING</Filter>
    </ClCompile>
    <ClCompile Include="..\..\304_PERFECT_FORWARDING\forwarding6.cpp">
      <Filter>소스 파일\304_PERFECT_FORWARDING</Filter>
    </ClCompile>
    <ClCompile Include="..\..\304_PERFECT_FORWARDING\forwarding7.cpp">
      <Filter>소스 파일\304_PERFECT_FORWARDING</Filter>
    </ClCompile>
    <ClCompile Include="..\..\304_PERFECT_FORWARDING\forwarding8.cpp">
      <Filter>소스 파일\304_PERFECT_FORWARDING</Filter>
    </ClCompile>
    <ClCompile Include="..\..\304_PERFECT_FORWARDING\forwarding9.cpp">
      <Filter>소스 파일\304_PERFECT_FORWARDING</Filter>
    </ClCompile>
    <ClCompile Include="..\..\304_PERFECT_FORWARDING\forwarding10.cpp">
      <Filter>소스 파일\304_PERFECT_FORWARDING</Filter>
    </ClCompile>
    <ClCompile Include="..\..\304_PERFECT_FORWARDING\forwarding11.cpp">
      <Filter>소스 파일\304_PERFECT_FORWARDING</Filter>
    </ClCompile>
    <ClCompile Include="..\..\304_PERFECT_FORWARDING\forwarding10_1.cpp">
      <Filter>소스 파일\304_PERFECT_FORWARDING</Filter>
    </ClCompile>
    <ClCompile Include="forwarding12.cpp">
      <Filter>소스 파일\304_PERFECT_FORWARDING</Filter>
    </ClCompile>
    <ClCompile Include="forwarding13.cpp">
      <Filter>소스 파일\304_PERFECT_FORWARDING</Filter>
    </ClCompile>
    <ClCompile Include="forwarding14.cpp">
      <Filter>소스 파일\304_PERFECT_FORWARDING</Filter>
    </ClCompile>
    <ClCompile Include="forwarding15.cpp">
      <Filter>소스 파일\304_PERFECT_FORWARDING</Filter>
    </ClCompile>
    <ClCompile Include="..\..\401_INLINE\add.cpp">
      <Filter>소스 파일\401_INLINE</Filter>
    </ClCompile>
    <ClCompile Include="..\..\401_INLINE\inline1.cpp">
      <Filter>소스 파일\401_INLINE</Filter>
    </ClCompile>
    <ClCompile Include="..\..\401_INLINE\inline2.cpp">
      <Filter>소스 파일\401_INLINE</Filter>
    </ClCompile>
    <ClCompile Include="..\..\401_INLINE\inline3.cpp">
      <Filter>소스 파일\401_INLINE</Filter>
    </ClCompile>
    <ClCompile Include="..\..\402_FUNCTOR\functor1.cpp">
      <Filter>소스 파일\402_FUNCTOR</Filter>
    </ClCompile>
    <ClCompile Include="..\..\402_FUNCTOR\functor2.cpp">
      <Filter>소스 파일\402_FUNCTOR</Filter>
    </ClCompile>
    <ClCompile Include="..\..\402_FUNCTOR\functor3.cpp">
      <Filter>소스 파일\402_FUNCTOR</Filter>
    </ClCompile>
    <ClCompile Include="..\..\402_FUNCTOR\functor4.cpp">
      <Filter>소스 파일\402_FUNCTOR</Filter>
    </ClCompile>
    <ClCompile Include="..\..\402_FUNCTOR\functor5.cpp">
      <Filter>소스 파일\402_FUNCTOR</Filter>
    </ClCompile>
    <ClCompile Include="..\..\402_FUNCTOR\functor6.cpp">
      <Filter>소스 파일\402_FUNCTOR</Filter>
    </ClCompile>
    <ClCompile Include="..\..\402_FUNCTOR\functor7.cpp">
      <Filter>소스 파일\402_FUNCTOR</Filter>
    </ClCompile>
    <ClCompile Include="..\..\402_FUNCTOR\functor8.cpp">
      <Filter>소스 파일\402_FUNCTOR</Filter>
    </ClCompile>
    <ClCompile Include="..\..\402_FUNCTOR\functor9.cpp">
      <Filter>소스 파일\402_FUNCTOR</Filter>
    </ClCompile>
    <ClCompile Include="..\..\402_FUNCTOR\functor10.cpp">
      <Filter>소스 파일\402_FUNCTOR</Filter>
    </ClCompile>
    <ClCompile Include="..\..\402_FUNCTOR\logo.cpp">
      <Filter>소스 파일\402_FUNCTOR</Filter>
    </ClCompile>
    <ClCompile Include="..\..\403_LAMBDA_EXPRESSION\closure.cpp">
      <Filter>소스 파일\403_LAMBDA_EXPRESSION</Filter>
    </ClCompile>
    <ClCompile Include="..\..\403_LAMBDA_EXPRESSION\closure2.cpp">
      <Filter>소스 파일\403_LAMBDA_EXPRESSION</Filter>
    </ClCompile>
    <ClCompile Include="..\..\403_LAMBDA_EXPRESSION\lambda1.cpp">
      <Filter>소스 파일\403_LAMBDA_EXPRESSION</Filter>
    </ClCompile>
    <ClCompile Include="..\..\403_LAMBDA_EXPRESSION\lambda2.cpp">
      <Filter>소스 파일\403_LAMBDA_EXPRESSION</Filter>
    </ClCompile>
    <ClCompile Include="..\..\403_LAMBDA_EXPRESSION\lambda3.cpp">
      <Filter>소스 파일\403_LAMBDA_EXPRESSION</Filter>
    </ClCompile>
    <ClCompile Include="..\..\403_LAMBDA_EXPRESSION\lambda4.cpp">
      <Filter>소스 파일\403_LAMBDA_EXPRESSION</Filter>
    </ClCompile>
    <ClCompile Include="..\..\403_LAMBDA_EXPRESSION\lambda5.cpp">
      <Filter>소스 파일\403_LAMBDA_EXPRESSION</Filter>
    </ClCompile>
    <ClCompile Include="..\..\403_LAMBDA_EXPRESSION\lambda6.cpp">
      <Filter>소스 파일\403_LAMBDA_EXPRESSION</Filter>
    </ClCompile>
    <ClCompile Include="..\..\403_LAMBDA_EXPRESSION\lambda7.cpp">
      <Filter>소스 파일\403_LAMBDA_EXPRESSION</Filter>
    </ClCompile>
    <ClCompile Include="..\..\403_LAMBDA_EXPRESSION\lambda8.cpp">
      <Filter>소스 파일\403_LAMBDA_EXPRESSION</Filter>
    </ClCompile>
    <ClCompile Include="..\..\403_LAMBDA_EXPRESSION\lambda9.cpp">
      <Filter>소스 파일\403_LAMBDA_EXPRESSION</Filter>
    </ClCompile>
    <ClCompile Include="..\..\403_LAMBDA_EXPRESSION\lambda10.cpp">
      <Filter>소스 파일\403_LAMBDA_EXPRESSION</Filter>
    </ClCompile>
    <ClCompile Include="..\..\403_LAMBDA_EXPRESSION\lambda11.cpp">
      <Filter>소스 파일\403_LAMBDA_EXPRESSION</Filter>
    </ClCompile>
    <ClCompile Include="..\..\403_LAMBDA_EXPRESSION\lambda12.cpp">
      <Filter>소스 파일\403_LAMBDA_EXPRESSION</Filter>
    </ClCompile>
    <ClCompile Include="..\..\403_LAMBDA_EXPRESSION\lambda13.cpp">
      <Filter>소스 파일\403_LAMBDA_EXPRESSION</Filter>
    </ClCompile>
    <ClCompile Include="..\..\403_LAMBDA_EXPRESSION\lambda14.cpp">
      <Filter>소스 파일\403_LAMBDA_EXPRESSION</Filter>
    </ClCompile>
    <ClCompile Include="..\..\403_LAMBDA_EXPRESSION\lambda15.cpp">
      <Filter>소스 파일\403_LAMBDA_EXPRESSION</Filter>
    </ClCompile>
    <ClCompile Include="..\..\403_LAMBDA_EXPRESSION\lambda16.cpp">
      <Filter>소스 파일\403_LAMBDA_EXPRESSION</Filter>
    </ClCompile>
    <ClCompile Include="..\..\403_LAMBDA_EXPRESSION\lambda17.cpp">
      <Filter>소스 파일\403_LAMBDA_EXPRESSION</Filter>
    </ClCompile>
    <ClCompile Include="..\..\403_LAMBDA_EXPRESSION\milambda.cpp">
      <Filter>소스 파일\403_LAMBDA_EXPRESSION</Filter>
    </ClCompile>
    <ClCompile Include="..\..\403_LAMBDA_EXPRESSION\milambda2.cpp">
      <Filter>소스 파일\403_LAMBDA_EXPRESSION</Filter>
    </ClCompile>
    <ClCompile Include="..\..\405_Callable\callable1.cpp">
      <Filter>소스 파일\405_Callable</Filter>
    </ClCompile>
    <ClCompile Include="..\..\405_Callable\callable2.cpp">
      <Filter>소스 파일\405_Callable</Filter>
    </ClCompile>
    <ClCompile Include="..\..\405_Callable\callable3.cpp">
      <Filter>소스 파일\405_Callable</Filter>
    </ClCompile>
    <ClCompile Include="..\..\405_Callable\callable4.cpp">
      <Filter>소스 파일\405_Callable</Filter>
    </ClCompile>
  </ItemGroup>
  <ItemGroup>
    <ClInclude Include="..\..\102_THISCALL\ecourse.hpp">
      <Filter>소스 파일\102_THISCALL</Filter>
    </ClInclude>
    <ClInclude Include="..\..\103_CONST_MEMBER_FUNCTION\Point.h">
      <Filter>소스 파일\103_CONST_MEMBER_FUNCTION</Filter>
    </ClInclude>
    <ClInclude Include="..\..\105_NAME_MANGLING\square.h">
      <Filter>소스 파일\105_NAME_MANGLING</Filter>
    </ClInclude>
    <ClInclude Include="..\..\303_MOVE\Test.h">
      <Filter>소스 파일\303_MOVE</Filter>
    </ClInclude>
    <ClInclude Include="..\..\401_INLINE\add.h">
      <Filter>소스 파일\401_INLINE</Filter>
    </ClInclude>
  </ItemGroup>
  <ItemGroup>
    <Text Include="..\..\107_CONVERSION\readme.txt">
      <Filter>소스 파일\107_CONVERSION</Filter>
    </Text>
    <Text Include="..\..\206_OBJECT_INIT\readme.txt">
      <Filter>소스 파일\206_OBJECT_INIT</Filter>
    </Text>
    <Text Include="..\..\207_AUTO_DECLTYPE\readme.txt">
      <Filter>소스 파일\207_AUTO_DECLTYPE</Filter>
    </Text>
    <Text Include="..\..\301_TEMPORARY\ecourse.log">
      <Filter>소스 파일\301_TEMPORARY</Filter>
    </Text>
    <Text Include="..\..\301_TEMPORARY\readme.txt">
      <Filter>소스 파일\301_TEMPORARY</Filter>
    </Text>
    <Text Include="..\..\302_RVALUE_REFERENCE\readme.txt">
      <Filter>소스 파일\302_RVALUE_REFERENCE</Filter>
    </Text>
    <Text Include="..\..\303_MOVE\readme.txt">
      <Filter>소스 파일\303_MOVE</Filter>
    </Text>
    <Text Include="..\..\304_PERFECT_FORWARDING\readme.txt">
      <Filter>소스 파일\304_PERFECT_FORWARDING</Filter>
    </Text>
    <Text Include="..\..\401_INLINE\readme.txt">
      <Filter>소스 파일\401_INLINE</Filter>
    </Text>
    <Text Include="..\..\402_FUNCTOR\readme.txt">
      <Filter>소스 파일\402_FUNCTOR</Filter>
    </Text>
    <Text Include="..\..\403_LAMBDA_EXPRESSION\readme.txt">
      <Filter>소스 파일\403_LAMBDA_EXPRESSION</Filter>
    </Text>
  </ItemGroup>
  <ItemGroup>
    <None Include="..\..\201_CPP14\README">
      <Filter>소스 파일\201_CPP14</Filter>
    </None>
    <None Include="..\..\202_CPP17\Readme">
      <Filter>소스 파일\202_CPP17</Filter>
    </None>
    <None Include="..\..\405_Callable\Readme">
      <Filter>소스 파일\405_Callable</Filter>
    </None>
  </ItemGroup>
  <ItemGroup>
    <Image Include="..\..\303_MOVE\Move_Exception.PNG">
      <Filter>소스 파일\303_MOVE</Filter>
    </Image>
    <Image Include="..\..\305_VALVUE_CATEGORY\valueCategories.PNG">
      <Filter>소스 파일\305_VALVUE_CATEGORY</Filter>
    </Image>
    <Image Include="..\..\304_PERFECT_FORWARDING\make_shared_메모리할당.PNG">
      <Filter>소스 파일\304_PERFECT_FORWARDING</Filter>
    </Image>
    <Image Include="..\..\304_PERFECT_FORWARDING\forwarding15.PNG">
      <Filter>소스 파일\304_PERFECT_FORWARDING</Filter>
    </Image>
  </ItemGroup>
</Project>